
Microsoft Visual Studio Solution File, Format Version 12.00
# Visual Studio 14
VisualStudioVersion = 14.0.23107.0
MinimumVisualStudioVersion = 10.0.40219.1
Project("{FAE04EC0-301F-11D3-BF4B-00C04F79EFBC}") = "DelegatePractice", "DelegatePractice\DelegatePractice.csproj", "{1092A6BF-0F2A-4E22-A483-077ACEB97A6E}"
EndProject
Project("{FAE04EC0-301F-11D3-BF4B-00C04F79EFBC}") = "TestDelegate", "TestDelegate\TestDelegate.csproj", "{4B03C4B5-4310-4C02-A0F3-CC2CF56DECFC}"
EndProject
Project("{FAE04EC0-301F-11D3-BF4B-00C04F79EFBC}") = "OwnTestDelegate", "OwnTestDelegate\OwnTestDelegate.csproj", "{43BECB6E-6C09-4218-A3EC-E3B89E708FC7}"
EndProject
Global
	GlobalSection(SolutionConfigurationPlatforms) = preSolution
		Debug|Any CPU = Debug|Any CPU
		Release|Any CPU = Release|Any CPU
	EndGlobalSection
	GlobalSection(ProjectConfigurationPlatforms) = postSolution
		{1092A6BF-0F2A-4E22-A483-077ACEB97A6E}.Debug|Any CPU.ActiveCfg = Debug|Any CPU
		{1092A6BF-0F2A-4E22-A483-077ACEB97A6E}.Debug|Any CPU.Build.0 = Debug|Any CPU
		{1092A6BF-0F2A-4E22-A483-077ACEB97A6E}.Release|Any CPU.ActiveCfg = Release|Any CPU
		{1092A6BF-0F2A-4E22-A483-077ACEB97A6E}.Release|Any CPU.Build.0 = Release|Any CPU
		{4B03C4B5-4310-4C02-A0F3-CC2CF56DECFC}.Debug|Any CPU.ActiveCfg = Debug|Any CPU
		{4B03C4B5-4310-4C02-A0F3-CC2CF56DECFC}.Debug|Any CPU.Build.0 = Debug|Any CPU
		{4B03C4B5-4310-4C02-A0F3-CC2CF56DECFC}.Release|Any CPU.ActiveCfg = Release|Any CPU
		{4B03C4B5-4310-4C02-A0F3-CC2CF56DECFC}.Release|Any CPU.Build.0 = Release|Any CPU
		{43BECB6E-6C09-4218-A3EC-E3B89E708FC7}.Debug|Any CPU.ActiveCfg = Debug|Any CPU
		{43BECB6E-6C09-4218-A3EC-E3B89E708FC7}.Debug|Any CPU.Build.0 = Debug|Any CPU
		{43BECB6E-6C09-4218-A3EC-E3B89E708FC7}.Release|Any CPU.ActiveCfg = Release|Any CPU
		{43BECB6E-6C09-4218-A3EC-E3B89E708FC7}.Release|Any CPU.Build.0 = Release|Any CPU
	EndGlobalSection
	GlobalSection(SolutionProperties) = preSolution
		HideSolutionNode = FALSE
	EndGlobalSection
EndGlobal
