
Microsoft Visual Studio Solution File, Format Version 12.00
# Visual Studio 2012
Project("{FAE04EC0-301F-11D3-BF4B-00C04F79EFBC}") = "NHibernatePractice", "NHibernatePractice\NHibernatePractice.csproj", "{2903F0A5-6A27-4AC6-9B61-D6607B8444A1}"
EndProject
Project("{FAE04EC0-301F-11D3-BF4B-00C04F79EFBC}") = "NHibernatePractice.Test", "NHibernatePractice.Test\NHibernatePractice.Test.csproj", "{369CA976-7272-4DE8-8D35-60B8825BB3C5}"
EndProject
Global
	GlobalSection(SolutionConfigurationPlatforms) = preSolution
		Debug|Any CPU = Debug|Any CPU
		Debug|x64 = Debug|x64
		Release|Any CPU = Release|Any CPU
		Release|x64 = Release|x64
	EndGlobalSection
	GlobalSection(ProjectConfigurationPlatforms) = postSolution
		{2903F0A5-6A27-4AC6-9B61-D6607B8444A1}.Debug|Any CPU.ActiveCfg = Debug|Any CPU
		{2903F0A5-6A27-4AC6-9B61-D6607B8444A1}.Debug|Any CPU.Build.0 = Debug|Any CPU
		{2903F0A5-6A27-4AC6-9B61-D6607B8444A1}.Debug|x64.ActiveCfg = Debug|x64
		{2903F0A5-6A27-4AC6-9B61-D6607B8444A1}.Debug|x64.Build.0 = Debug|x64
		{2903F0A5-6A27-4AC6-9B61-D6607B8444A1}.Release|Any CPU.ActiveCfg = Release|Any CPU
		{2903F0A5-6A27-4AC6-9B61-D6607B8444A1}.Release|Any CPU.Build.0 = Release|Any CPU
		{2903F0A5-6A27-4AC6-9B61-D6607B8444A1}.Release|x64.ActiveCfg = Release|x64
		{2903F0A5-6A27-4AC6-9B61-D6607B8444A1}.Release|x64.Build.0 = Release|x64
		{369CA976-7272-4DE8-8D35-60B8825BB3C5}.Debug|Any CPU.ActiveCfg = Debug|Any CPU
		{369CA976-7272-4DE8-8D35-60B8825BB3C5}.Debug|Any CPU.Build.0 = Debug|Any CPU
		{369CA976-7272-4DE8-8D35-60B8825BB3C5}.Debug|x64.ActiveCfg = Debug|x64
		{369CA976-7272-4DE8-8D35-60B8825BB3C5}.Debug|x64.Build.0 = Debug|x64
		{369CA976-7272-4DE8-8D35-60B8825BB3C5}.Release|Any CPU.ActiveCfg = Release|Any CPU
		{369CA976-7272-4DE8-8D35-60B8825BB3C5}.Release|Any CPU.Build.0 = Release|Any CPU
		{369CA976-7272-4DE8-8D35-60B8825BB3C5}.Release|x64.ActiveCfg = Release|x64
		{369CA976-7272-4DE8-8D35-60B8825BB3C5}.Release|x64.Build.0 = Release|x64
	EndGlobalSection
	GlobalSection(SolutionProperties) = preSolution
		HideSolutionNode = FALSE
	EndGlobalSection
EndGlobal
